// !$*UTF8*$!
{
	archiveVersion = 1;
	classes = {
	};
	objectVersion = 55;
	objects = {

/* Begin PBXBuildFile section */
		489F80152865B2280015FC22 /* AppDelegate.swift in Sources */ = {isa = PBXBuildFile; fileRef = 489F80142865B2280015FC22 /* AppDelegate.swift */; };
		489F80172865B2280015FC22 /* SceneDelegate.swift in Sources */ = {isa = PBXBuildFile; fileRef = 489F80162865B2280015FC22 /* SceneDelegate.swift */; };
		489F80192865B2280015FC22 /* ViewController.swift in Sources */ = {isa = PBXBuildFile; fileRef = 489F80182865B2280015FC22 /* ViewController.swift */; };
		489F801C2865B2280015FC22 /* Main.storyboard in Resources */ = {isa = PBXBuildFile; fileRef = 489F801A2865B2280015FC22 /* Main.storyboard */; };
		489F801E2865B22A0015FC22 /* Assets.xcassets in Resources */ = {isa = PBXBuildFile; fileRef = 489F801D2865B22A0015FC22 /* Assets.xcassets */; };
		489F80212865B22A0015FC22 /* LaunchScreen.storyboard in Resources */ = {isa = PBXBuildFile; fileRef = 489F801F2865B22A0015FC22 /* LaunchScreen.storyboard */; };
		489F802C2865B22A0015FC22 /* API_testTests.swift in Sources */ = {isa = PBXBuildFile; fileRef = 489F802B2865B22A0015FC22 /* API_testTests.swift */; };
		489F80362865B22A0015FC22 /* API_testUITests.swift in Sources */ = {isa = PBXBuildFile; fileRef = 489F80352865B22A0015FC22 /* API_testUITests.swift */; };
		489F80382865B22A0015FC22 /* API_testUITestsLaunchTests.swift in Sources */ = {isa = PBXBuildFile; fileRef = 489F80372865B22A0015FC22 /* API_testUITestsLaunchTests.swift */; };
		76B97F67E1A20B91EDB2D823 /* Pods_API_test.framework in Frameworks */ = {isa = PBXBuildFile; fileRef = 7D1FB6332D4BDC8BFCC5F1B3 /* Pods_API_test.framework */; };
/* End PBXBuildFile section */

/* Begin PBXContainerItemProxy section */
		489F80282865B22A0015FC22 /* PBXContainerItemProxy */ = {
			isa = PBXContainerItemProxy;
			containerPortal = 489F80092865B2280015FC22 /* Project object */;
			proxyType = 1;
			remoteGlobalIDString = 489F80102865B2280015FC22;
			remoteInfo = API_test;
		};
		489F80322865B22A0015FC22 /* PBXContainerItemProxy */ = {
			isa = PBXContainerItemProxy;
			containerPortal = 489F80092865B2280015FC22 /* Project object */;
			proxyType = 1;
			remoteGlobalIDString = 489F80102865B2280015FC22;
			remoteInfo = API_test;
		};
/* End PBXContainerItemProxy section */

/* Begin PBXFileReference section */
		0F3E1DFAAAD62A3F04C11BAA /* Pods-API_test.release.xcconfig */ = {isa = PBXFileReference; includeInIndex = 1; lastKnownFileType = text.xcconfig; name = "Pods-API_test.release.xcconfig"; path = "Target Support Files/Pods-API_test/Pods-API_test.release.xcconfig"; sourceTree = "<group>"; };
		489F80112865B2280015FC22 /* API_test.app */ = {isa = PBXFileReference; explicitFileType = wrapper.application; includeInIndex = 0; path = API_test.app; sourceTree = BUILT_PRODUCTS_DIR; };
		489F80142865B2280015FC22 /* AppDelegate.swift */ = {isa = PBXFileReference; lastKnownFileType = sourcecode.swift; path = AppDelegate.swift; sourceTree = "<group>"; };
		489F80162865B2280015FC22 /* SceneDelegate.swift */ = {isa = PBXFileReference; lastKnownFileType = sourcecode.swift; path = SceneDelegate.swift; sourceTree = "<group>"; };
		489F80182865B2280015FC22 /* ViewController.swift */ = {isa = PBXFileReference; lastKnownFileType = sourcecode.swift; path = ViewController.swift; sourceTree = "<group>"; };
		489F801B2865B2280015FC22 /* Base */ = {isa = PBXFileReference; lastKnownFileType = file.storyboard; name = Base; path = Base.lproj/Main.storyboard; sourceTree = "<group>"; };
		489F801D2865B22A0015FC22 /* Assets.xcassets */ = {isa = PBXFileReference; lastKnownFileType = folder.assetcatalog; path = Assets.xcassets; sourceTree = "<group>"; };
		489F80202865B22A0015FC22 /* Base */ = {isa = PBXFileReference; lastKnownFileType = file.storyboard; name = Base; path = Base.lproj/LaunchScreen.storyboard; sourceTree = "<group>"; };
		489F80222865B22A0015FC22 /* Info.plist */ = {isa = PBXFileReference; lastKnownFileType = text.plist.xml; path = Info.plist; sourceTree = "<group>"; };
		489F80272865B22A0015FC22 /* API_testTests.xctest */ = {isa = PBXFileReference; explicitFileType = wrapper.cfbundle; includeInIndex = 0; path = API_testTests.xctest; sourceTree = BUILT_PRODUCTS_DIR; };
		489F802B2865B22A0015FC22 /* API_testTests.swift */ = {isa = PBXFileReference; lastKnownFileType = sourcecode.swift; path = API_testTests.swift; sourceTree = "<group>"; };
		489F80312865B22A0015FC22 /* API_testUITests.xctest */ = {isa = PBXFileReference; explicitFileType = wrapper.cfbundle; includeInIndex = 0; path = API_testUITests.xctest; sourceTree = BUILT_PRODUCTS_DIR; };
		489F80352865B22A0015FC22 /* API_testUITests.swift */ = {isa = PBXFileReference; lastKnownFileType = sourcecode.swift; path = API_testUITests.swift; sourceTree = "<group>"; };
		489F80372865B22A0015FC22 /* API_testUITestsLaunchTests.swift */ = {isa = PBXFileReference; lastKnownFileType = sourcecode.swift; path = API_testUITestsLaunchTests.swift; sourceTree = "<group>"; };
		7D1FB6332D4BDC8BFCC5F1B3 /* Pods_API_test.framework */ = {isa = PBXFileReference; explicitFileType = wrapper.framework; includeInIndex = 0; path = Pods_API_test.framework; sourceTree = BUILT_PRODUCTS_DIR; };
		DE2CE575ED68C15E6BF7F957 /* Pods-API_test.debug.xcconfig */ = {isa = PBXFileReference; includeInIndex = 1; lastKnownFileType = text.xcconfig; name = "Pods-API_test.debug.xcconfig"; path = "Target Support Files/Pods-API_test/Pods-API_test.debug.xcconfig"; sourceTree = "<group>"; };
/* End PBXFileReference section */

/* Begin PBXFrameworksBuildPhase section */
		489F800E2865B2280015FC22 /* Frameworks */ = {
			isa = PBXFrameworksBuildPhase;
			buildActionMask = 2147483647;
			files = (
				76B97F67E1A20B91EDB2D823 /* Pods_API_test.framework in Frameworks */,
			);
			runOnlyForDeploymentPostprocessing = 0;
		};
		489F80242865B22A0015FC22 /* Frameworks */ = {
			isa = PBXFrameworksBuildPhase;
			buildActionMask = 2147483647;
			files = (
			);
			runOnlyForDeploymentPostprocessing = 0;
		};
		489F802E2865B22A0015FC22 /* Frameworks */ = {
			isa = PBXFrameworksBuildPhase;
			buildActionMask = 2147483647;
			files = (
			);
			runOnlyForDeploymentPostprocessing = 0;
		};
/* End PBXFrameworksBuildPhase section */

/* Begin PBXGroup section */
		1509057690DD04F219FFF433 /* Frameworks */ = {
			isa = PBXGroup;
			children = (
				7D1FB6332D4BDC8BFCC5F1B3 /* Pods_API_test.framework */,
			);
			name = Frameworks;
			sourceTree = "<group>";
		};
		489F80082865B2280015FC22 = {
			isa = PBXGroup;
			children = (
				489F80132865B2280015FC22 /* API_test */,
				489F802A2865B22A0015FC22 /* API_testTests */,
				489F80342865B22A0015FC22 /* API_testUITests */,
				489F80122865B2280015FC22 /* Products */,
				83CE51F3EBBF8130530A9CFB /* Pods */,
				1509057690DD04F219FFF433 /* Frameworks */,
			);
			sourceTree = "<group>";
		};
		489F80122865B2280015FC22 /* Products */ = {
			isa = PBXGroup;
			children = (
				489F80112865B2280015FC22 /* API_test.app */,
				489F80272865B22A0015FC22 /* API_testTests.xctest */,
				489F80312865B22A0015FC22 /* API_testUITests.xctest */,
			);
			name = Products;
			sourceTree = "<group>";
		};
		489F80132865B2280015FC22 /* API_test */ = {
			isa = PBXGroup;
			children = (
				489F80142865B2280015FC22 /* AppDelegate.swift */,
				489F80162865B2280015FC22 /* SceneDelegate.swift */,
				489F80182865B2280015FC22 /* ViewController.swift */,
				489F801A2865B2280015FC22 /* Main.storyboard */,
				489F801D2865B22A0015FC22 /* Assets.xcassets */,
				489F801F2865B22A0015FC22 /* LaunchScreen.storyboard */,
				489F80222865B22A0015FC22 /* Info.plist */,
			);
			path = API_test;
			sourceTree = "<group>";
		};
		489F802A2865B22A0015FC22 /* API_testTests */ = {
			isa = PBXGroup;
			children = (
				489F802B2865B22A0015FC22 /* API_testTests.swift */,
			);
			path = API_testTests;
			sourceTree = "<group>";
		};
		489F80342865B22A0015FC22 /* API_testUITests */ = {
			isa = PBXGroup;
			children = (
				489F80352865B22A0015FC22 /* API_testUITests.swift */,
				489F80372865B22A0015FC22 /* API_testUITestsLaunchTests.swift */,
			);
			path = API_testUITests;
			sourceTree = "<group>";
		};
		83CE51F3EBBF8130530A9CFB /* Pods */ = {
			isa = PBXGroup;
			children = (
				DE2CE575ED68C15E6BF7F957 /* Pods-API_test.debug.xcconfig */,
				0F3E1DFAAAD62A3F04C11BAA /* Pods-API_test.release.xcconfig */,
			);
			path = Pods;
			sourceTree = "<group>";
		};
/* End PBXGroup section */

/* Begin PBXNativeTarget section */
		489F80102865B2280015FC22 /* API_test */ = {
			isa = PBXNativeTarget;
			buildConfigurationList = 489F803B2865B22A0015FC22 /* Build configuration list for PBXNativeTarget "API_test" */;
			buildPhases = (
				2650624ABAB66A6513A4B137 /* [CP] Check Pods Manifest.lock */,
				489F800D2865B2280015FC22 /* Sources */,
				489F800E2865B2280015FC22 /* Frameworks */,
				489F800F2865B2280015FC22 /* Resources */,
				099698224F94F18EA0BD4399 /* [CP] Embed Pods Frameworks */,
			);
			buildRules = (
			);
			dependencies = (
			);
			name = API_test;
			productName = API_test;
			productReference = 489F80112865B2280015FC22 /* API_test.app */;
			productType = "com.apple.product-type.application";
		};
		489F80262865B22A0015FC22 /* API_testTests */ = {
			isa = PBXNativeTarget;
			buildConfigurationList = 489F803E2865B22A0015FC22 /* Build configuration list for PBXNativeTarget "API_testTests" */;
			buildPhases = (
				489F80232865B22A0015FC22 /* Sources */,
				489F80242865B22A0015FC22 /* Frameworks */,
				489F80252865B22A0015FC22 /* Resources */,
			);
			buildRules = (
			);
			dependencies = (
				489F80292865B22A0015FC22 /* PBXTargetDependency */,
			);
			name = API_testTests;
			productName = API_testTests;
			productReference = 489F80272865B22A0015FC22 /* API_testTests.xctest */;
			productType = "com.apple.product-type.bundle.unit-test";
		};
		489F80302865B22A0015FC22 /* API_testUITests */ = {
			isa = PBXNativeTarget;
			buildConfigurationList = 489F80412865B22A0015FC22 /* Build configuration list for PBXNativeTarget "API_testUITests" */;
			buildPhases = (
				489F802D2865B22A0015FC22 /* Sources */,
				489F802E2865B22A0015FC22 /* Frameworks */,
				489F802F2865B22A0015FC22 /* Resources */,
			);
			buildRules = (
			);
			dependencies = (
				489F80332865B22A0015FC22 /* PBXTargetDependency */,
			);
			name = API_testUITests;
			productName = API_testUITests;
			productReference = 489F80312865B22A0015FC22 /* API_testUITests.xctest */;
			productType = "com.apple.product-type.bundle.ui-testing";
		};
/* End PBXNativeTarget section */

/* Begin PBXProject section */
		489F80092865B2280015FC22 /* Project object */ = {
			isa = PBXProject;
			attributes = {
				BuildIndependentTargetsInParallel = 1;
				LastSwiftUpdateCheck = 1340;
				LastUpgradeCheck = 1340;
				TargetAttributes = {
					489F80102865B2280015FC22 = {
						CreatedOnToolsVersion = 13.4.1;
					};
					489F80262865B22A0015FC22 = {
						CreatedOnToolsVersion = 13.4.1;
						TestTargetID = 489F80102865B2280015FC22;
					};
					489F80302865B22A0015FC22 = {
						CreatedOnToolsVersion = 13.4.1;
						TestTargetID = 489F80102865B2280015FC22;
					};
				};
			};
			buildConfigurationList = 489F800C2865B2280015FC22 /* Build configuration list for PBXProject "API_test" */;
			compatibilityVersion = "Xcode 13.0";
			developmentRegion = en;
			hasScannedForEncodings = 0;
			knownRegions = (
				en,
				Base,
			);
			mainGroup = 489F80082865B2280015FC22;
			productRefGroup = 489F80122865B2280015FC22 /* Products */;
			projectDirPath = "";
			projectRoot = "";
			targets = (
				489F80102865B2280015FC22 /* API_test */,
				489F80262865B22A0015FC22 /* API_testTests */,
				489F80302865B22A0015FC22 /* API_testUITests */,
			);
		};
/* End PBXProject section */

/* Begin PBXResourcesBuildPhase section */
		489F800F2865B2280015FC22 /* Resources */ = {
			isa = PBXResourcesBuildPhase;
			buildActionMask = 2147483647;
			files = (
				489F80212865B22A0015FC22 /* LaunchScreen.storyboard in Resources */,
				489F801E2865B22A0015FC22 /* Assets.xcassets in Resources */,
				489F801C2865B2280015FC22 /* Main.storyboard in Resources */,
			);
			runOnlyForDeploymentPostprocessing = 0;
		};
		489F80252865B22A0015FC22 /* Resources */ = {
			isa = PBXResourcesBuildPhase;
			buildActionMask = 2147483647;
			files = (
			);
			runOnlyForDeploymentPostprocessing = 0;
		};
		489F802F2865B22A0015FC22 /* Resources */ = {
			isa = PBXResourcesBuildPhase;
			buildActionMask = 2147483647;
			files = (
			);
			runOnlyForDeploymentPostprocessing = 0;
		};
/* End PBXResourcesBuildPhase section */

/* Begin PBXShellScriptBuildPhase section */
		099698224F94F18EA0BD4399 /* [CP] Embed Pods Frameworks */ = {
			isa = PBXShellScriptBuildPhase;
			buildActionMask = 2147483647;
			files = (
			);
			inputFileListPaths = (
				"${PODS_ROOT}/Target Support Files/Pods-API_test/Pods-API_test-frameworks-${CONFIGURATION}-input-files.xcfilelist",
			);
			name = "[CP] Embed Pods Frameworks";
			outputFileListPaths = (
				"${PODS_ROOT}/Target Support Files/Pods-API_test/Pods-API_test-frameworks-${CONFIGURATION}-output-files.xcfilelist",
			);
			runOnlyForDeploymentPostprocessing = 0;
			shellPath = /bin/sh;
			shellScript = "\"${PODS_ROOT}/Target Support Files/Pods-API_test/Pods-API_test-frameworks.sh\"\n";
			showEnvVarsInLog = 0;
		};
		2650624ABAB66A6513A4B137 /* [CP] Check Pods Manifest.lock */ = {
			isa = PBXShellScriptBuildPhase;
			buildActionMask = 2147483647;
			files = (
			);
			inputFileListPaths = (
			);
			inputPaths = (
				"${PODS_PODFILE_DIR_PATH}/Podfile.lock",
				"${PODS_ROOT}/Manifest.lock",
			);
			name = "[CP] Check Pods Manifest.lock";
			outputFileListPaths = (
			);
			outputPaths = (
				"$(DERIVED_FILE_DIR)/Pods-API_test-checkManifestLockResult.txt",
			);
			runOnlyForDeploymentPostprocessing = 0;
			shellPath = /bin/sh;
			shellScript = "diff \"${PODS_PODFILE_DIR_PATH}/Podfile.lock\" \"${PODS_ROOT}/Manifest.lock\" > /dev/null\nif [ $? != 0 ] ; then\n    # print error to STDERR\n    echo \"error: The sandbox is not in sync with the Podfile.lock. Run 'pod install' or update your CocoaPods installation.\" >&2\n    exit 1\nfi\n# This output is used by Xcode 'outputs' to avoid re-running this script phase.\necho \"SUCCESS\" > \"${SCRIPT_OUTPUT_FILE_0}\"\n";
			showEnvVarsInLog = 0;
		};
/* End PBXShellScriptBuildPhase section */

/* Begin PBXSourcesBuildPhase section */
		489F800D2865B2280015FC22 /* Sources */ = {
			isa = PBXSourcesBuildPhase;
			buildActionMask = 2147483647;
			files = (
				489F80192865B2280015FC22 /* ViewController.swift in Sources */,
				489F80152865B2280015FC22 /* AppDelegate.swift in Sources */,
				489F80172865B2280015FC22 /* SceneDelegate.swift in Sources */,
			);
			runOnlyForDeploymentPostprocessing = 0;
		};
		489F80232865B22A0015FC22 /* Sources */ = {
			isa = PBXSourcesBuildPhase;
			buildActionMask = 2147483647;
			files = (
				489F802C2865B22A0015FC22 /* API_testTests.swift in Sources */,
			);
			runOnlyForDeploymentPostprocessing = 0;
		};
		489F802D2865B22A0015FC22 /* Sources */ = {
			isa = PBXSourcesBuildPhase;
			buildActionMask = 2147483647;
			files = (
				489F80382865B22A0015FC22 /* API_testUITestsLaunchTests.swift in Sources */,
				489F80362865B22A0015FC22 /* API_testUITests.swift in Sources */,
			);
			runOnlyForDeploymentPostprocessing = 0;
		};
/* End PBXSourcesBuildPhase section */

/* Begin PBXTargetDependency section */
		489F80292865B22A0015FC22 /* PBXTargetDependency */ = {
			isa = PBXTargetDependency;
			target = 489F80102865B2280015FC22 /* API_test */;
			targetProxy = 489F80282865B22A0015FC22 /* PBXContainerItemProxy */;
		};
		489F80332865B22A0015FC22 /* PBXTargetDependency */ = {
			isa = PBXTargetDependency;
			target = 489F80102865B2280015FC22 /* API_test */;
			targetProxy = 489F80322865B22A0015FC22 /* PBXContainerItemProxy */;
		};
/* End PBXTargetDependency section */

/* Begin PBXVariantGroup section */
		489F801A2865B2280015FC22 /* Main.storyboard */ = {
			isa = PBXVariantGroup;
			children = (
				489F801B2865B2280015FC22 /* Base */,
			);
			name = Main.storyboard;
			sourceTree = "<group>";
		};
		489F801F2865B22A0015FC22 /* LaunchScreen.storyboard */ = {
			isa = PBXVariantGroup;
			children = (
				489F80202865B22A0015FC22 /* Base */,
			);
			name = LaunchScreen.storyboard;
			sourceTree = "<group>";
		};
/* End PBXVariantGroup section */

/* Begin XCBuildConfiguration section */
		489F80392865B22A0015FC22 /* Debug */ = {
			isa = XCBuildConfiguration;
			buildSettings = {
				ALWAYS_SEARCH_USER_PATHS = NO;
				CLANG_ANALYZER_NONNULL = YES;
				CLANG_ANALYZER_NUMBER_OBJECT_CONVERSION = YES_AGGRESSIVE;
				CLANG_CXX_LANGUAGE_STANDARD = "gnu++17";
				CLANG_ENABLE_MODULES = YES;
				CLANG_ENABLE_OBJC_ARC = YES;
				CLANG_ENABLE_OBJC_WEAK = YES;
				CLANG_WARN_BLOCK_CAPTURE_AUTORELEASING = YES;
				CLANG_WARN_BOOL_CONVERSION = YES;
				CLANG_WARN_COMMA = YES;
				CLANG_WARN_CONSTANT_CONVERSION = YES;
				CLANG_WARN_DEPRECATED_OBJC_IMPLEMENTATIONS = YES;
				CLANG_WARN_DIRECT_OBJC_ISA_USAGE = YES_ERROR;
				CLANG_WARN_DOCUMENTATION_COMMENTS = YES;
				CLANG_WARN_EMPTY_BODY = YES;
				CLANG_WARN_ENUM_CONVERSION = YES;
				CLANG_WARN_INFINITE_RECURSION = YES;
				CLANG_WARN_INT_CONVERSION = YES;
				CLANG_WARN_NON_LITERAL_NULL_CONVERSION = YES;
				CLANG_WARN_OBJC_IMPLICIT_RETAIN_SELF = YES;
				CLANG_WARN_OBJC_LITERAL_CONVERSION = YES;
				CLANG_WARN_OBJC_ROOT_CLASS = YES_ERROR;
				CLANG_WARN_QUOTED_INCLUDE_IN_FRAMEWORK_HEADER = YES;
				CLANG_WARN_RANGE_LOOP_ANALYSIS = YES;
				CLANG_WARN_STRICT_PROTOTYPES = YES;
				CLANG_WARN_SUSPICIOUS_MOVE = YES;
				CLANG_WARN_UNGUARDED_AVAILABILITY = YES_AGGRESSIVE;
				CLANG_WARN_UNREACHABLE_CODE = YES;
				CLANG_WARN__DUPLICATE_METHOD_MATCH = YES;
				COPY_PHASE_STRIP = NO;
				DEBUG_INFORMATION_FORMAT = dwarf;
				ENABLE_STRICT_OBJC_MSGSEND = YES;
				ENABLE_TESTABILITY = YES;
				GCC_C_LANGUAGE_STANDARD = gnu11;
				GCC_DYNAMIC_NO_PIC = NO;
				GCC_NO_COMMON_BLOCKS = YES;
				GCC_OPTIMIZATION_LEVEL = 0;
				GCC_PREPROCESSOR_DEFINITIONS = (
					"DEBUG=1",
					"$(inherited)",
				);
				GCC_WARN_64_TO_32_BIT_CONVERSION = YES;
				GCC_WARN_ABOUT_RETURN_TYPE = YES_ERROR;
				GCC_WARN_UNDECLARED_SELECTOR = YES;
				GCC_WARN_UNINITIALIZED_AUTOS = YES_AGGRESSIVE;
				GCC_WARN_UNUSED_FUNCTION = YES;
				GCC_WARN_UNUSED_VARIABLE = YES;
				IPHONEOS_DEPLOYMENT_TARGET = 15.5;
				MTL_ENABLE_DEBUG_INFO = INCLUDE_SOURCE;
				MTL_FAST_MATH = YES;
				ONLY_ACTIVE_ARCH = YES;
				SDKROOT = iphoneos;
				SWIFT_ACTIVE_COMPILATION_CONDITIONS = DEBUG;
				SWIFT_OPTIMIZATION_LEVEL = "-Onone";
			};
			name = Debug;
		};
		489F803A2865B22A0015FC22 /* Release */ = {
			isa = XCBuildConfiguration;
			buildSettings = {
				ALWAYS_SEARCH_USER_PATHS = NO;
				CLANG_ANALYZER_NONNULL = YES;
				CLANG_ANALYZER_NUMBER_OBJECT_CONVERSION = YES_AGGRESSIVE;
				CLANG_CXX_LANGUAGE_STANDARD = "gnu++17";
				CLANG_ENABLE_MODULES = YES;
				CLANG_ENABLE_OBJC_ARC = YES;
				CLANG_ENABLE_OBJC_WEAK = YES;
				CLANG_WARN_BLOCK_CAPTURE_AUTORELEASING = YES;
				CLANG_WARN_BOOL_CONVERSION = YES;
				CLANG_WARN_COMMA = YES;
				CLANG_WARN_CONSTANT_CONVERSION = YES;
				CLANG_WARN_DEPRECATED_OBJC_IMPLEMENTATIONS = YES;
				CLANG_WARN_DIRECT_OBJC_ISA_USAGE = YES_ERROR;
				CLANG_WARN_DOCUMENTATION_COMMENTS = YES;
				CLANG_WARN_EMPTY_BODY = YES;
				CLANG_WARN_ENUM_CONVERSION = YES;
				CLANG_WARN_INFINITE_RECURSION = YES;
				CLANG_WARN_INT_CONVERSION = YES;
				CLANG_WARN_NON_LITERAL_NULL_CONVERSION = YES;
				CLANG_WARN_OBJC_IMPLICIT_RETAIN_SELF = YES;
				CLANG_WARN_OBJC_LITERAL_CONVERSION = YES;
				CLANG_WARN_OBJC_ROOT_CLASS = YES_ERROR;
				CLANG_WARN_QUOTED_INCLUDE_IN_FRAMEWORK_HEADER = YES;
				CLANG_WARN_RANGE_LOOP_ANALYSIS = YES;
				CLANG_WARN_STRICT_PROTOTYPES = YES;
				CLANG_WARN_SUSPICIOUS_MOVE = YES;
				CLANG_WARN_UNGUARDED_AVAILABILITY = YES_AGGRESSIVE;
				CLANG_WARN_UNREACHABLE_CODE = YES;
				CLANG_WARN__DUPLICATE_METHOD_MATCH = YES;
				COPY_PHASE_STRIP = NO;
				DEBUG_INFORMATION_FORMAT = "dwarf-with-dsym";
				ENABLE_NS_ASSERTIONS = NO;
				ENABLE_STRICT_OBJC_MSGSEND = YES;
				GCC_C_LANGUAGE_STANDARD = gnu11;
				GCC_NO_COMMON_BLOCKS = YES;
				GCC_WARN_64_TO_32_BIT_CONVERSION = YES;
				GCC_WARN_ABOUT_RETURN_TYPE = YES_ERROR;
				GCC_WARN_UNDECLARED_SELECTOR = YES;
				GCC_WARN_UNINITIALIZED_AUTOS = YES_AGGRESSIVE;
				GCC_WARN_UNUSED_FUNCTION = YES;
				GCC_WARN_UNUSED_VARIABLE = YES;
				IPHONEOS_DEPLOYMENT_TARGET = 15.5;
				MTL_ENABLE_DEBUG_INFO = NO;
				MTL_FAST_MATH = YES;
				SDKROOT = iphoneos;
				SWIFT_COMPILATION_MODE = wholemodule;
				SWIFT_OPTIMIZATION_LEVEL = "-O";
				VALIDATE_PRODUCT = YES;
			};
			name = Release;
		};
		489F803C2865B22A0015FC22 /* Debug */ = {
			isa = XCBuildConfiguration;
			baseConfigurationReference = DE2CE575ED68C15E6BF7F957 /* Pods-API_test.debug.xcconfig */;
			buildSettings = {
				ASSETCATALOG_COMPILER_APPICON_NAME = AppIcon;
				ASSETCATALOG_COMPILER_GLOBAL_ACCENT_COLOR_NAME = AccentColor;
				CODE_SIGN_STYLE = Automatic;
				CURRENT_PROJECT_VERSION = 1;
				DEVELOPMENT_TEAM = US5XQ78FVR;
				GENERATE_INFOPLIST_FILE = YES;
				INFOPLIST_FILE = API_test/Info.plist;
				INFOPLIST_KEY_UIApplicationSupportsIndirectInputEvents = YES;
				INFOPLIST_KEY_UILaunchStoryboardName = LaunchScreen;
				INFOPLIST_KEY_UIMainStoryboardFile = Main;
				INFOPLIST_KEY_UISupportedInterfaceOrientations_iPad = "UIInterfaceOrientationPortrait UIInterfaceOrientationPortraitUpsideDown UIInterfaceOrientationLandscapeLeft UIInterfaceOrientationLandscapeRight";
				INFOPLIST_KEY_UISupportedInterfaceOrientations_iPhone = "UIInterfaceOrientationPortrait UIInterfaceOrientationLandscapeLeft UIInterfaceOrientationLandscapeRight";
				LD_RUNPATH_SEARCH_PATHS = (
					"$(inherited)",
					"@executable_path/Frameworks",
				);
				MARKETING_VERSION = 1.0;
				PRODUCT_BUNDLE_IDENTIFIER = "test.API-test";
				PRODUCT_NAME = "$(TARGET_NAME)";
				SWIFT_EMIT_LOC_STRINGS = YES;
				SWIFT_VERSION = 5.0;
				TARGETED_DEVICE_FAMILY = "1,2";
			};
			name = Debug;
		};
		489F803D2865B22A0015FC22 /* Release */ = {
			isa = XCBuildConfiguration;
			baseConfigurationReference = 0F3E1DFAAAD62A3F04C11BAA /* Pods-API_test.release.xcconfig */;
			buildSettings = {
				ASSETCATALOG_COMPILER_APPICON_NAME = AppIcon;
				ASSETCATALOG_COMPILER_GLOBAL_ACCENT_COLOR_NAME = AccentColor;
				CODE_SIGN_STYLE = Automatic;
				CURRENT_PROJECT_VERSION = 1;
				DEVELOPMENT_TEAM = US5XQ78FVR;
				GENERATE_INFOPLIST_FILE = YES;
				INFOPLIST_FILE = API_test/Info.plist;
				INFOPLIST_KEY_UIApplicationSupportsIndirectInputEvents = YES;
				INFOPLIST_KEY_UILaunchStoryboardName = LaunchScreen;
				INFOPLIST_KEY_UIMainStoryboardFile = Main;
				INFOPLIST_KEY_UISupportedInterfaceOrientations_iPad = "UIInterfaceOrientationPortrait UIInterfaceOrientationPortraitUpsideDown UIInterfaceOrientationLandscapeLeft UIInterfaceOrientationLandscapeRight";
				INFOPLIST_KEY_UISupportedInterfaceOrientations_iPhone = "UIInterfaceOrientationPortrait UIInterfaceOrientationLandscapeLeft UIInterfaceOrientationLandscapeRight";
				LD_RUNPATH_SEARCH_PATHS = (
					"$(inherited)",
					"@executable_path/Frameworks",
				);
				MARKETING_VERSION = 1.0;
				PRODUCT_BUNDLE_IDENTIFIER = "test.API-test";
				PRODUCT_NAME = "$(TARGET_NAME)";
				SWIFT_EMIT_LOC_STRINGS = YES;
				SWIFT_VERSION = 5.0;
				TARGETED_DEVICE_FAMILY = "1,2";
			};
			name = Release;
		};
		489F803F2865B22A0015FC22 /* Debug */ = {
			isa = XCBuildConfiguration;
			buildSettings = {
				ALWAYS_EMBED_SWIFT_STANDARD_LIBRARIES = YES;
				BUNDLE_LOADER = "$(TEST_HOST)";
				CODE_SIGN_STYLE = Automatic;
				CURRENT_PROJECT_VERSION = 1;
				GENERATE_INFOPLIST_FILE = YES;
				IPHONEOS_DEPLOYMENT_TARGET = 15.5;
				MARKETING_VERSION = 1.0;
				PRODUCT_BUNDLE_IDENTIFIER = "test.API-testTests";
				PRODUCT_NAME = "$(TARGET_NAME)";
				SWIFT_EMIT_LOC_STRINGS = NO;
				SWIFT_VERSION = 5.0;
				TARGETED_DEVICE_FAMILY = "1,2";
				TEST_HOST = "$(BUILT_PRODUCTS_DIR)/API_test.app/API_test";
			};
			name = Debug;
		};
		489F80402865B22A0015FC22 /* Release */ = {
			isa = XCBuildConfiguration;
			buildSettings = {
				ALWAYS_EMBED_SWIFT_STANDARD_LIBRARIES = YES;
				BUNDLE_LOADER = "$(TEST_HOST)";
				CODE_SIGN_STYLE = Automatic;
				CURRENT_PROJECT_VERSION = 1;
				GENERATE_INFOPLIST_FILE = YES;
				IPHONEOS_DEPLOYMENT_TARGET = 15.5;
				MARKETING_VERSION = 1.0;
				PRODUCT_BUNDLE_IDENTIFIER = "test.API-testTests";
				PRODUCT_NAME = "$(TARGET_NAME)";
				SWIFT_EMIT_LOC_STRINGS = NO;
				SWIFT_VERSION = 5.0;
				TARGETED_DEVICE_FAMILY = "1,2";
				TEST_HOST = "$(BUILT_PRODUCTS_DIR)/API_test.app/API_test";
			};
			name = Release;
		};
		489F80422865B22A0015FC22 /* Debug */ = {
			isa = XCBuildConfiguration;
			buildSettings = {
				ALWAYS_EMBED_SWIFT_STANDARD_LIBRARIES = YES;
				CODE_SIGN_STYLE = Automatic;
				CURRENT_PROJECT_VERSION = 1;
				GENERATE_INFOPLIST_FILE = YES;
				MARKETING_VERSION = 1.0;
				PRODUCT_BUNDLE_IDENTIFIER = "test.API-testUITests";
				PRODUCT_NAME = "$(TARGET_NAME)";
				SWIFT_EMIT_LOC_STRINGS = NO;
				SWIFT_VERSION = 5.0;
				TARGETED_DEVICE_FAMILY = "1,2";
				TEST_TARGET_NAME = API_test;
			};
			name = Debug;
		};
		489F80432865B22A0015FC22 /* Release */ = {
			isa = XCBuildConfiguration;
			buildSettings = {
				ALWAYS_EMBED_SWIFT_STANDARD_LIBRARIES = YES;
				CODE_SIGN_STYLE = Automatic;
				CURRENT_PROJECT_VERSION = 1;
				GENERATE_INFOPLIST_FILE = YES;
				MARKETING_VERSION = 1.0;
				PRODUCT_BUNDLE_IDENTIFIER = "test.API-testUITests";
				PRODUCT_NAME = "$(TARGET_NAME)";
				SWIFT_EMIT_LOC_STRINGS = NO;
				SWIFT_VERSION = 5.0;
				TARGETED_DEVICE_FAMILY = "1,2";
				TEST_TARGET_NAME = API_test;
			};
			name = Release;
		};
/* End XCBuildConfiguration section */

/* Begin XCConfigurationList section */
		489F800C2865B2280015FC22 /* Build configuration list for PBXProject "API_test" */ = {
			isa = XCConfigurationList;
			buildConfigurations = (
				489F80392865B22A0015FC22 /* Debug */,
				489F803A2865B22A0015FC22 /* Release */,
			);
			defaultConfigurationIsVisible = 0;
			defaultConfigurationName = Release;
		};
		489F803B2865B22A0015FC22 /* Build configuration list for PBXNativeTarget "API_test" */ = {
			isa = XCConfigurationList;
			buildConfigurations = (
				489F803C2865B22A0015FC22 /* Debug */,
				489F803D2865B22A0015FC22 /* Release */,
			);
			defaultConfigurationIsVisible = 0;
			defaultConfigurationName = Release;
		};
		489F803E2865B22A0015FC22 /* Build configuration list for PBXNativeTarget "API_testTests" */ = {
			isa = XCConfigurationList;
			buildConfigurations = (
				489F803F2865B22A0015FC22 /* Debug */,
				489F80402865B22A0015FC22 /* Release */,
			);
			defaultConfigurationIsVisible = 0;
			defaultConfigurationName = Release;
		};
		489F80412865B22A0015FC22 /* Build configuration list for PBXNativeTarget "API_testUITests" */ = {
			isa = XCConfigurationList;
			buildConfigurations = (
				489F80422865B22A0015FC22 /* Debug */,
				489F80432865B22A0015FC22 /* Release */,
			);
			defaultConfigurationIsVisible = 0;
			defaultConfigurationName = Release;
		};
/* End XCConfigurationList section */
	};
	rootObject = 489F80092865B2280015FC22 /* Project object */;
}
